{
  "pins" : [
    {
      "identity" : "llama.cpp",
      "kind" : "remoteSourceControl",
      "location" : "https://github.com/ensan-hcl/llama.cpp",
      "state" : {
        "branch" : "master",
        "revision" : "8a5be3bd5885d79ad84aadf32bb8c1a67bd43c19"
      }
    }
  ],
  "version" : 2
}
