// !$*UTF8*$!
{
	archiveVersion = 1;
	classes = {
	};
	objectVersion = 56;
	objects = {

/* Begin PBXBuildFile section */
		551F079C2B2CACF7008E6884 /* LlamaContext.swift in Sources */ = {isa = PBXBuildFile; fileRef = 551F079B2B2CACF7008E6884 /* LlamaContext.swift */; };
		558E03672B1181600059048D /* SwiftLlamaApp.swift in Sources */ = {isa = PBXBuildFile; fileRef = 558E03662B1181600059048D /* SwiftLlamaApp.swift */; };
		558E03692B1181600059048D /* ContentView.swift in Sources */ = {isa = PBXBuildFile; fileRef = 558E03682B1181600059048D /* ContentView.swift */; };
		558E036B2B1181610059048D /* Assets.xcassets in Resources */ = {isa = PBXBuildFile; fileRef = 558E036A2B1181610059048D /* Assets.xcassets */; };
		558E036F2B1181610059048D /* Preview Assets.xcassets in Resources */ = {isa = PBXBuildFile; fileRef = 558E036E2B1181610059048D /* Preview Assets.xcassets */; };
		558E03892B11C3EF0059048D /* LlamaState.swift in Sources */ = {isa = PBXBuildFile; fileRef = 558E03882B11C3EF0059048D /* LlamaState.swift */; };
		55A1E8F82B2EA73100150D05 /* EmotionEstimationView.swift in Sources */ = {isa = PBXBuildFile; fileRef = 55A1E8F72B2EA73100150D05 /* EmotionEstimationView.swift */; };
		55A1E8FA2B2EA9C000150D05 /* tinyllama-1.1b-intermediate-step-715k-1.5t.Q2_K.gguf in Resources */ = {isa = PBXBuildFile; fileRef = 55A1E8F92B2EA9C000150D05 /* tinyllama-1.1b-intermediate-step-715k-1.5t.Q2_K.gguf */; platformFilter = ios; };
		55CF43702B2D79E400DFBDDA /* ELYZA-japanese-Llama-2-7b-instruct-q4_K_M.gguf in Resources */ = {isa = PBXBuildFile; fileRef = 55CF436F2B2D79E400DFBDDA /* ELYZA-japanese-Llama-2-7b-instruct-q4_K_M.gguf */; platformFilters = (macos, ); };
		55CF43722B2DF11A00DFBDDA /* LlamaGrammar.swift in Sources */ = {isa = PBXBuildFile; fileRef = 55CF43712B2DF11A00DFBDDA /* LlamaGrammar.swift */; };
		55CF43782B2DF4F200DFBDDA /* llama in Frameworks */ = {isa = PBXBuildFile; productRef = 55CF43772B2DF4F200DFBDDA /* llama */; };
		55CF43802B2E03DC00DFBDDA /* grammar-parser.cpp in Sources */ = {isa = PBXBuildFile; fileRef = 55CF437E2B2E03DC00DFBDDA /* grammar-parser.cpp */; };
/* End PBXBuildFile section */

/* Begin PBXFileReference section */
		551F079B2B2CACF7008E6884 /* LlamaContext.swift */ = {isa = PBXFileReference; lastKnownFileType = sourcecode.swift; path = LlamaContext.swift; sourceTree = "<group>"; };
		558E03632B1181600059048D /* SwiftLlamaApp.app */ = {isa = PBXFileReference; explicitFileType = wrapper.application; includeInIndex = 0; path = SwiftLlamaApp.app; sourceTree = BUILT_PRODUCTS_DIR; };
		558E03662B1181600059048D /* SwiftLlamaApp.swift */ = {isa = PBXFileReference; lastKnownFileType = sourcecode.swift; path = SwiftLlamaApp.swift; sourceTree = "<group>"; };
		558E03682B1181600059048D /* ContentView.swift */ = {isa = PBXFileReference; lastKnownFileType = sourcecode.swift; path = ContentView.swift; sourceTree = "<group>"; };
		558E036A2B1181610059048D /* Assets.xcassets */ = {isa = PBXFileReference; lastKnownFileType = folder.assetcatalog; path = Assets.xcassets; sourceTree = "<group>"; };
		558E036C2B1181610059048D /* SwiftLlamaApp.entitlements */ = {isa = PBXFileReference; lastKnownFileType = text.plist.entitlements; path = SwiftLlamaApp.entitlements; sourceTree = "<group>"; };
		558E036E2B1181610059048D /* Preview Assets.xcassets */ = {isa = PBXFileReference; lastKnownFileType = folder.assetcatalog; path = "Preview Assets.xcassets"; sourceTree = "<group>"; };
		558E03882B11C3EF0059048D /* LlamaState.swift */ = {isa = PBXFileReference; lastKnownFileType = sourcecode.swift; path = LlamaState.swift; sourceTree = "<group>"; };
		55A1E8F72B2EA73100150D05 /* EmotionEstimationView.swift */ = {isa = PBXFileReference; lastKnownFileType = sourcecode.swift; path = EmotionEstimationView.swift; sourceTree = "<group>"; };
		55A1E8F92B2EA9C000150D05 /* tinyllama-1.1b-intermediate-step-715k-1.5t.Q2_K.gguf */ = {isa = PBXFileReference; lastKnownFileType = file; name = "tinyllama-1.1b-intermediate-step-715k-1.5t.Q2_K.gguf"; path = "../../../../llama.cpp/examples/llama.swiftui/llama.swiftui/Resources/models/tinyllama-1.1b-intermediate-step-715k-1.5t.Q2_K.gguf"; sourceTree = "<group>"; };
		55CF436F2B2D79E400DFBDDA /* ELYZA-japanese-Llama-2-7b-instruct-q4_K_M.gguf */ = {isa = PBXFileReference; lastKnownFileType = file; name = "ELYZA-japanese-Llama-2-7b-instruct-q4_K_M.gguf"; path = "../../../../llama.cpp/examples/llama.swiftui/llama.swiftui/Resources/models/ELYZA-japanese-Llama-2-7b-instruct-q4_K_M.gguf"; sourceTree = "<group>"; };
		55CF43712B2DF11A00DFBDDA /* LlamaGrammar.swift */ = {isa = PBXFileReference; lastKnownFileType = sourcecode.swift; path = LlamaGrammar.swift; sourceTree = "<group>"; };
		55CF437E2B2E03DC00DFBDDA /* grammar-parser.cpp */ = {isa = PBXFileReference; fileEncoding = 4; lastKnownFileType = sourcecode.cpp.cpp; path = "grammar-parser.cpp"; sourceTree = "<group>"; };
		55CF437F2B2E03DC00DFBDDA /* grammar-parser.h */ = {isa = PBXFileReference; fileEncoding = 4; lastKnownFileType = sourcecode.c.h; path = "grammar-parser.h"; sourceTree = "<group>"; };
		55CF43822B2E082C00DFBDDA /* module.modulemap */ = {isa = PBXFileReference; lastKnownFileType = "sourcecode.module-map"; path = module.modulemap; sourceTree = "<group>"; };
/* End PBXFileReference section */

/* Begin PBXFrameworksBuildPhase section */
		558E03602B1181600059048D /* Frameworks */ = {
			isa = PBXFrameworksBuildPhase;
			buildActionMask = 2147483647;
			files = (
				55CF43782B2DF4F200DFBDDA /* llama in Frameworks */,
			);
			runOnlyForDeploymentPostprocessing = 0;
		};
/* End PBXFrameworksBuildPhase section */

/* Begin PBXGroup section */
		551F079F2B2CAFBE008E6884 /* models */ = {
			isa = PBXGroup;
			children = (
				55A1E8F92B2EA9C000150D05 /* tinyllama-1.1b-intermediate-step-715k-1.5t.Q2_K.gguf */,
				55CF436F2B2D79E400DFBDDA /* ELYZA-japanese-Llama-2-7b-instruct-q4_K_M.gguf */,
			);
			path = models;
			sourceTree = "<group>";
		};
		558E035A2B1181600059048D = {
			isa = PBXGroup;
			children = (
				558E03652B1181600059048D /* SwiftLlamaApp */,
				558E03642B1181600059048D /* Products */,
				55CF43732B2DF45F00DFBDDA /* Frameworks */,
			);
			sourceTree = "<group>";
		};
		558E03642B1181600059048D /* Products */ = {
			isa = PBXGroup;
			children = (
				558E03632B1181600059048D /* SwiftLlamaApp.app */,
			);
			name = Products;
			sourceTree = "<group>";
		};
		558E03652B1181600059048D /* SwiftLlamaApp */ = {
			isa = PBXGroup;
			children = (
				558E03662B1181600059048D /* SwiftLlamaApp.swift */,
				558E038A2B11C8BF0059048D /* Resources */,
				558E03682B1181600059048D /* ContentView.swift */,
				55A1E8F72B2EA73100150D05 /* EmotionEstimationView.swift */,
				558E03882B11C3EF0059048D /* LlamaState.swift */,
				55CF43812B2E06B500DFBDDA /* LlamaHelpers */,
				551F079B2B2CACF7008E6884 /* LlamaContext.swift */,
				55CF43712B2DF11A00DFBDDA /* LlamaGrammar.swift */,
				558E036A2B1181610059048D /* Assets.xcassets */,
				558E036C2B1181610059048D /* SwiftLlamaApp.entitlements */,
				558E036D2B1181610059048D /* Preview Content */,
			);
			path = SwiftLlamaApp;
			sourceTree = "<group>";
		};
		558E036D2B1181610059048D /* Preview Content */ = {
			isa = PBXGroup;
			children = (
				558E036E2B1181610059048D /* Preview Assets.xcassets */,
			);
			path = "Preview Content";
			sourceTree = "<group>";
		};
		558E038A2B11C8BF0059048D /* Resources */ = {
			isa = PBXGroup;
			children = (
				551F079F2B2CAFBE008E6884 /* models */,
			);
			path = Resources;
			sourceTree = "<group>";
		};
		55CF43732B2DF45F00DFBDDA /* Frameworks */ = {
			isa = PBXGroup;
			children = (
			);
			name = Frameworks;
			sourceTree = "<group>";
		};
		55CF43812B2E06B500DFBDDA /* LlamaHelpers */ = {
			isa = PBXGroup;
			children = (
				55CF437E2B2E03DC00DFBDDA /* grammar-parser.cpp */,
				55CF437F2B2E03DC00DFBDDA /* grammar-parser.h */,
				55CF43822B2E082C00DFBDDA /* module.modulemap */,
			);
			path = LlamaHelpers;
			sourceTree = "<group>";
		};
/* End PBXGroup section */

/* Begin PBXNativeTarget section */
		558E03622B1181600059048D /* SwiftLlamaApp */ = {
			isa = PBXNativeTarget;
			buildConfigurationList = 558E03722B1181610059048D /* Build configuration list for PBXNativeTarget "SwiftLlamaApp" */;
			buildPhases = (
				558E035F2B1181600059048D /* Sources */,
				558E03602B1181600059048D /* Frameworks */,
				558E03612B1181600059048D /* Resources */,
			);
			buildRules = (
			);
			dependencies = (
			);
			name = SwiftLlamaApp;
			packageProductDependencies = (
				55CF43772B2DF4F200DFBDDA /* llama */,
			);
			productName = SwiftLlamaApp;
			productReference = 558E03632B1181600059048D /* SwiftLlamaApp.app */;
			productType = "com.apple.product-type.application";
		};
/* End PBXNativeTarget section */

/* Begin PBXProject section */
		558E035B2B1181600059048D /* Project object */ = {
			isa = PBXProject;
			attributes = {
				BuildIndependentTargetsInParallel = 1;
				LastSwiftUpdateCheck = 1500;
				LastUpgradeCheck = 1500;
				TargetAttributes = {
					558E03622B1181600059048D = {
						CreatedOnToolsVersion = 15.0.1;
						LastSwiftMigration = 1510;
					};
				};
			};
			buildConfigurationList = 558E035E2B1181600059048D /* Build configuration list for PBXProject "SwiftLlamaApp" */;
			compatibilityVersion = "Xcode 14.0";
			developmentRegion = en;
			hasScannedForEncodings = 0;
			knownRegions = (
				en,
				Base,
			);
			mainGroup = 558E035A2B1181600059048D;
			packageReferences = (
				55CF43762B2DF4F200DFBDDA /* XCRemoteSwiftPackageReference "llama" */,
			);
			productRefGroup = 558E03642B1181600059048D /* Products */;
			projectDirPath = "";
			projectRoot = "";
			targets = (
				558E03622B1181600059048D /* SwiftLlamaApp */,
			);
		};
/* End PBXProject section */

/* Begin PBXResourcesBuildPhase section */
		558E03612B1181600059048D /* Resources */ = {
			isa = PBXResourcesBuildPhase;
			buildActionMask = 2147483647;
			files = (
				55CF43702B2D79E400DFBDDA /* ELYZA-japanese-Llama-2-7b-instruct-q4_K_M.gguf in Resources */,
				558E036F2B1181610059048D /* Preview Assets.xcassets in Resources */,
				558E036B2B1181610059048D /* Assets.xcassets in Resources */,
				55A1E8FA2B2EA9C000150D05 /* tinyllama-1.1b-intermediate-step-715k-1.5t.Q2_K.gguf in Resources */,
			);
			runOnlyForDeploymentPostprocessing = 0;
		};
/* End PBXResourcesBuildPhase section */

/* Begin PBXSourcesBuildPhase section */
		558E035F2B1181600059048D /* Sources */ = {
			isa = PBXSourcesBuildPhase;
			buildActionMask = 2147483647;
			files = (
				558E03892B11C3EF0059048D /* LlamaState.swift in Sources */,
				55A1E8F82B2EA73100150D05 /* EmotionEstimationView.swift in Sources */,
				551F079C2B2CACF7008E6884 /* LlamaContext.swift in Sources */,
				55CF43802B2E03DC00DFBDDA /* grammar-parser.cpp in Sources */,
				558E03692B1181600059048D /* ContentView.swift in Sources */,
				55CF43722B2DF11A00DFBDDA /* LlamaGrammar.swift in Sources */,
				558E03672B1181600059048D /* SwiftLlamaApp.swift in Sources */,
			);
			runOnlyForDeploymentPostprocessing = 0;
		};
/* End PBXSourcesBuildPhase section */

/* Begin XCBuildConfiguration section */
		558E03702B1181610059048D /* Debug */ = {
			isa = XCBuildConfiguration;
			buildSettings = {
				ALWAYS_SEARCH_USER_PATHS = NO;
				ASSETCATALOG_COMPILER_GENERATE_SWIFT_ASSET_SYMBOL_EXTENSIONS = YES;
				CLANG_ANALYZER_NONNULL = YES;
				CLANG_ANALYZER_NUMBER_OBJECT_CONVERSION = YES_AGGRESSIVE;
				CLANG_CXX_LANGUAGE_STANDARD = "gnu++20";
				CLANG_ENABLE_MODULES = YES;
				CLANG_ENABLE_OBJC_ARC = YES;
				CLANG_ENABLE_OBJC_WEAK = YES;
				CLANG_WARN_BLOCK_CAPTURE_AUTORELEASING = YES;
				CLANG_WARN_BOOL_CONVERSION = YES;
				CLANG_WARN_COMMA = YES;
				CLANG_WARN_CONSTANT_CONVERSION = YES;
				CLANG_WARN_DEPRECATED_OBJC_IMPLEMENTATIONS = YES;
				CLANG_WARN_DIRECT_OBJC_ISA_USAGE = YES_ERROR;
				CLANG_WARN_DOCUMENTATION_COMMENTS = YES;
				CLANG_WARN_EMPTY_BODY = YES;
				CLANG_WARN_ENUM_CONVERSION = YES;
				CLANG_WARN_INFINITE_RECURSION = YES;
				CLANG_WARN_INT_CONVERSION = YES;
				CLANG_WARN_NON_LITERAL_NULL_CONVERSION = YES;
				CLANG_WARN_OBJC_IMPLICIT_RETAIN_SELF = YES;
				CLANG_WARN_OBJC_LITERAL_CONVERSION = YES;
				CLANG_WARN_OBJC_ROOT_CLASS = YES_ERROR;
				CLANG_WARN_QUOTED_INCLUDE_IN_FRAMEWORK_HEADER = YES;
				CLANG_WARN_RANGE_LOOP_ANALYSIS = YES;
				CLANG_WARN_STRICT_PROTOTYPES = YES;
				CLANG_WARN_SUSPICIOUS_MOVE = YES;
				CLANG_WARN_UNGUARDED_AVAILABILITY = YES_AGGRESSIVE;
				CLANG_WARN_UNREACHABLE_CODE = YES;
				CLANG_WARN__DUPLICATE_METHOD_MATCH = YES;
				COPY_PHASE_STRIP = NO;
				DEBUG_INFORMATION_FORMAT = dwarf;
				ENABLE_STRICT_OBJC_MSGSEND = YES;
				ENABLE_TESTABILITY = YES;
				ENABLE_USER_SCRIPT_SANDBOXING = YES;
				GCC_C_LANGUAGE_STANDARD = gnu17;
				GCC_DYNAMIC_NO_PIC = NO;
				GCC_NO_COMMON_BLOCKS = YES;
				GCC_OPTIMIZATION_LEVEL = 0;
				GCC_PREPROCESSOR_DEFINITIONS = (
					"DEBUG=1",
					"$(inherited)",
				);
				GCC_WARN_64_TO_32_BIT_CONVERSION = YES;
				GCC_WARN_ABOUT_RETURN_TYPE = YES_ERROR;
				GCC_WARN_UNDECLARED_SELECTOR = YES;
				GCC_WARN_UNINITIALIZED_AUTOS = YES_AGGRESSIVE;
				GCC_WARN_UNUSED_FUNCTION = YES;
				GCC_WARN_UNUSED_VARIABLE = YES;
				LOCALIZATION_PREFERS_STRING_CATALOGS = YES;
				MTL_ENABLE_DEBUG_INFO = INCLUDE_SOURCE;
				MTL_FAST_MATH = YES;
				ONLY_ACTIVE_ARCH = YES;
				OTHER_SWIFT_FLAGS = "-cxx-interoperability-mode=default";
				SWIFT_ACTIVE_COMPILATION_CONDITIONS = "DEBUG $(inherited)";
				SWIFT_INCLUDE_PATHS = SwiftLlamaApp/LlamaHelpers;
				SWIFT_OPTIMIZATION_LEVEL = "-Onone";
			};
			name = Debug;
		};
		558E03712B1181610059048D /* Release */ = {
			isa = XCBuildConfiguration;
			buildSettings = {
				ALWAYS_SEARCH_USER_PATHS = NO;
				ASSETCATALOG_COMPILER_GENERATE_SWIFT_ASSET_SYMBOL_EXTENSIONS = YES;
				CLANG_ANALYZER_NONNULL = YES;
				CLANG_ANALYZER_NUMBER_OBJECT_CONVERSION = YES_AGGRESSIVE;
				CLANG_CXX_LANGUAGE_STANDARD = "gnu++20";
				CLANG_ENABLE_MODULES = YES;
				CLANG_ENABLE_OBJC_ARC = YES;
				CLANG_ENABLE_OBJC_WEAK = YES;
				CLANG_WARN_BLOCK_CAPTURE_AUTORELEASING = YES;
				CLANG_WARN_BOOL_CONVERSION = YES;
				CLANG_WARN_COMMA = YES;
				CLANG_WARN_CONSTANT_CONVERSION = YES;
				CLANG_WARN_DEPRECATED_OBJC_IMPLEMENTATIONS = YES;
				CLANG_WARN_DIRECT_OBJC_ISA_USAGE = YES_ERROR;
				CLANG_WARN_DOCUMENTATION_COMMENTS = YES;
				CLANG_WARN_EMPTY_BODY = YES;
				CLANG_WARN_ENUM_CONVERSION = YES;
				CLANG_WARN_INFINITE_RECURSION = YES;
				CLANG_WARN_INT_CONVERSION = YES;
				CLANG_WARN_NON_LITERAL_NULL_CONVERSION = YES;
				CLANG_WARN_OBJC_IMPLICIT_RETAIN_SELF = YES;
				CLANG_WARN_OBJC_LITERAL_CONVERSION = YES;
				CLANG_WARN_OBJC_ROOT_CLASS = YES_ERROR;
				CLANG_WARN_QUOTED_INCLUDE_IN_FRAMEWORK_HEADER = YES;
				CLANG_WARN_RANGE_LOOP_ANALYSIS = YES;
				CLANG_WARN_STRICT_PROTOTYPES = YES;
				CLANG_WARN_SUSPICIOUS_MOVE = YES;
				CLANG_WARN_UNGUARDED_AVAILABILITY = YES_AGGRESSIVE;
				CLANG_WARN_UNREACHABLE_CODE = YES;
				CLANG_WARN__DUPLICATE_METHOD_MATCH = YES;
				COPY_PHASE_STRIP = NO;
				DEBUG_INFORMATION_FORMAT = "dwarf-with-dsym";
				ENABLE_NS_ASSERTIONS = NO;
				ENABLE_STRICT_OBJC_MSGSEND = YES;
				ENABLE_USER_SCRIPT_SANDBOXING = YES;
				GCC_C_LANGUAGE_STANDARD = gnu17;
				GCC_NO_COMMON_BLOCKS = YES;
				GCC_WARN_64_TO_32_BIT_CONVERSION = YES;
				GCC_WARN_ABOUT_RETURN_TYPE = YES_ERROR;
				GCC_WARN_UNDECLARED_SELECTOR = YES;
				GCC_WARN_UNINITIALIZED_AUTOS = YES_AGGRESSIVE;
				GCC_WARN_UNUSED_FUNCTION = YES;
				GCC_WARN_UNUSED_VARIABLE = YES;
				LOCALIZATION_PREFERS_STRING_CATALOGS = YES;
				MTL_ENABLE_DEBUG_INFO = NO;
				MTL_FAST_MATH = YES;
				OTHER_SWIFT_FLAGS = "-cxx-interoperability-mode=default";
				SWIFT_COMPILATION_MODE = wholemodule;
				SWIFT_INCLUDE_PATHS = SwiftLlamaApp/LlamaHelpers;
			};
			name = Release;
		};
		558E03732B1181610059048D /* Debug */ = {
			isa = XCBuildConfiguration;
			buildSettings = {
				ASSETCATALOG_COMPILER_APPICON_NAME = AppIcon;
				ASSETCATALOG_COMPILER_GLOBAL_ACCENT_COLOR_NAME = AccentColor;
				ASSETCATALOG_COMPILER_OPTIMIZATION = time;
				CLANG_ENABLE_MODULES = YES;
				CODE_SIGN_ENTITLEMENTS = SwiftLlamaApp/SwiftLlamaApp.entitlements;
				CODE_SIGN_IDENTITY = "Apple Development";
				CODE_SIGN_STYLE = Automatic;
				CURRENT_PROJECT_VERSION = 1;
				DEVELOPMENT_ASSET_PATHS = "\"SwiftLlamaApp/Preview Content\"";
				DEVELOPMENT_TEAM = 9S3UXHYP65;
				ENABLE_HARDENED_RUNTIME = YES;
				ENABLE_PREVIEWS = YES;
				GENERATE_INFOPLIST_FILE = YES;
				"INFOPLIST_KEY_UIApplicationSceneManifest_Generation[sdk=iphoneos*]" = YES;
				"INFOPLIST_KEY_UIApplicationSceneManifest_Generation[sdk=iphonesimulator*]" = YES;
				"INFOPLIST_KEY_UIApplicationSupportsIndirectInputEvents[sdk=iphoneos*]" = YES;
				"INFOPLIST_KEY_UIApplicationSupportsIndirectInputEvents[sdk=iphonesimulator*]" = YES;
				"INFOPLIST_KEY_UILaunchScreen_Generation[sdk=iphoneos*]" = YES;
				"INFOPLIST_KEY_UILaunchScreen_Generation[sdk=iphonesimulator*]" = YES;
				"INFOPLIST_KEY_UIStatusBarStyle[sdk=iphoneos*]" = UIStatusBarStyleDefault;
				"INFOPLIST_KEY_UIStatusBarStyle[sdk=iphonesimulator*]" = UIStatusBarStyleDefault;
				INFOPLIST_KEY_UISupportedInterfaceOrientations_iPad = "UIInterfaceOrientationPortrait UIInterfaceOrientationPortraitUpsideDown UIInterfaceOrientationLandscapeLeft UIInterfaceOrientationLandscapeRight";
				INFOPLIST_KEY_UISupportedInterfaceOrientations_iPhone = "UIInterfaceOrientationPortrait UIInterfaceOrientationLandscapeLeft UIInterfaceOrientationLandscapeRight";
				IPHONEOS_DEPLOYMENT_TARGET = 17.0;
				LD_RUNPATH_SEARCH_PATHS = "@executable_path/Frameworks";
				"LD_RUNPATH_SEARCH_PATHS[sdk=macosx*]" = "@executable_path/../Frameworks";
				LLVM_LTO = YES_THIN;
				MACOSX_DEPLOYMENT_TARGET = 13.5;
				MARKETING_VERSION = 1.0;
				PRODUCT_BUNDLE_IDENTIFIER = com.SwiftLlamaApp;
				PRODUCT_NAME = "$(TARGET_NAME)";
				PROVISIONING_PROFILE_SPECIFIER = "";
				SDKROOT = auto;
				SUPPORTED_PLATFORMS = "iphoneos iphonesimulator macosx";
				SWIFT_EMIT_LOC_STRINGS = YES;
				SWIFT_OPTIMIZATION_LEVEL = "-Onone";
				SWIFT_VERSION = 5.0;
				TARGETED_DEVICE_FAMILY = "1,2";
			};
			name = Debug;
		};
		558E03742B1181610059048D /* Release */ = {
			isa = XCBuildConfiguration;
			buildSettings = {
				ASSETCATALOG_COMPILER_APPICON_NAME = AppIcon;
				ASSETCATALOG_COMPILER_GLOBAL_ACCENT_COLOR_NAME = AccentColor;
				ASSETCATALOG_COMPILER_OPTIMIZATION = time;
				CLANG_ENABLE_MODULES = YES;
				CODE_SIGN_ENTITLEMENTS = SwiftLlamaApp/SwiftLlamaApp.entitlements;
				CODE_SIGN_STYLE = Automatic;
				CURRENT_PROJECT_VERSION = 1;
				DEVELOPMENT_ASSET_PATHS = "\"SwiftLlamaApp/Preview Content\"";
				DEVELOPMENT_TEAM = 9S3UXHYP65;
				ENABLE_HARDENED_RUNTIME = YES;
				ENABLE_PREVIEWS = YES;
				GCC_OPTIMIZATION_LEVEL = fast;
				GENERATE_INFOPLIST_FILE = YES;
				"INFOPLIST_KEY_UIApplicationSceneManifest_Generation[sdk=iphoneos*]" = YES;
				"INFOPLIST_KEY_UIApplicationSceneManifest_Generation[sdk=iphonesimulator*]" = YES;
				"INFOPLIST_KEY_UIApplicationSupportsIndirectInputEvents[sdk=iphoneos*]" = YES;
				"INFOPLIST_KEY_UIApplicationSupportsIndirectInputEvents[sdk=iphonesimulator*]" = YES;
				"INFOPLIST_KEY_UILaunchScreen_Generation[sdk=iphoneos*]" = YES;
				"INFOPLIST_KEY_UILaunchScreen_Generation[sdk=iphonesimulator*]" = YES;
				"INFOPLIST_KEY_UIStatusBarStyle[sdk=iphoneos*]" = UIStatusBarStyleDefault;
				"INFOPLIST_KEY_UIStatusBarStyle[sdk=iphonesimulator*]" = UIStatusBarStyleDefault;
				INFOPLIST_KEY_UISupportedInterfaceOrientations_iPad = "UIInterfaceOrientationPortrait UIInterfaceOrientationPortraitUpsideDown UIInterfaceOrientationLandscapeLeft UIInterfaceOrientationLandscapeRight";
				INFOPLIST_KEY_UISupportedInterfaceOrientations_iPhone = "UIInterfaceOrientationPortrait UIInterfaceOrientationLandscapeLeft UIInterfaceOrientationLandscapeRight";
				IPHONEOS_DEPLOYMENT_TARGET = 17.0;
				LD_RUNPATH_SEARCH_PATHS = "@executable_path/Frameworks";
				"LD_RUNPATH_SEARCH_PATHS[sdk=macosx*]" = "@executable_path/../Frameworks";
				LLVM_LTO = YES_THIN;
				MACOSX_DEPLOYMENT_TARGET = 13.5;
				MARKETING_VERSION = 1.0;
				PRODUCT_BUNDLE_IDENTIFIER = com.SwiftLlamaApp;
				PRODUCT_NAME = "$(TARGET_NAME)";
				SDKROOT = auto;
				SUPPORTED_PLATFORMS = "iphoneos iphonesimulator macosx";
				SWIFT_EMIT_LOC_STRINGS = YES;
				SWIFT_OPTIMIZATION_LEVEL = "-O";
				SWIFT_VERSION = 5.0;
				TARGETED_DEVICE_FAMILY = "1,2";
			};
			name = Release;
		};
/* End XCBuildConfiguration section */

/* Begin XCConfigurationList section */
		558E035E2B1181600059048D /* Build configuration list for PBXProject "SwiftLlamaApp" */ = {
			isa = XCConfigurationList;
			buildConfigurations = (
				558E03702B1181610059048D /* Debug */,
				558E03712B1181610059048D /* Release */,
			);
			defaultConfigurationIsVisible = 0;
			defaultConfigurationName = Release;
		};
		558E03722B1181610059048D /* Build configuration list for PBXNativeTarget "SwiftLlamaApp" */ = {
			isa = XCConfigurationList;
			buildConfigurations = (
				558E03732B1181610059048D /* Debug */,
				558E03742B1181610059048D /* Release */,
			);
			defaultConfigurationIsVisible = 0;
			defaultConfigurationName = Release;
		};
/* End XCConfigurationList section */

/* Begin XCRemoteSwiftPackageReference section */
		55CF43762B2DF4F200DFBDDA /* XCRemoteSwiftPackageReference "llama" */ = {
			isa = XCRemoteSwiftPackageReference;
			repositoryURL = "https://github.com/ensan-hcl/llama.cpp";
			requirement = {
				branch = master;
				kind = branch;
			};
		};
/* End XCRemoteSwiftPackageReference section */

/* Begin XCSwiftPackageProductDependency section */
		55CF43772B2DF4F200DFBDDA /* llama */ = {
			isa = XCSwiftPackageProductDependency;
			package = 55CF43762B2DF4F200DFBDDA /* XCRemoteSwiftPackageReference "llama" */;
			productName = llama;
		};
/* End XCSwiftPackageProductDependency section */
	};
	rootObject = 558E035B2B1181600059048D /* Project object */;
}
